
Microsoft Visual Studio Solution File, Format Version 12.00
# Visual Studio 2013
VisualStudioVersion = 12.0.31101.0
MinimumVisualStudioVersion = 10.0.40219.1
Project("{8BC9CEB8-8B4A-11D0-8D11-00A0C91BC942}") = "ConsoleApplication2", "ConsoleApplication2\ConsoleApplication2.vcxproj", "{AB524DA2-5008-4F6C-A5A1-08D3D6BA39AE}"
EndProject
Project("{8BC9CEB8-8B4A-11D0-8D11-00A0C91BC942}") = "ConsoleApplication3", "ConsoleApplication3\ConsoleApplication3.vcxproj", "{9AFE3794-FA56-47E3-AD28-44644C2A61BB}"
EndProject
Project("{8BC9CEB8-8B4A-11D0-8D11-00A0C91BC942}") = "ConsoleApplication1", "ConsoleApplication1\ConsoleApplication1.vcxproj", "{753C55F8-F4D8-48C3-BC96-78CDEC9613FD}"
EndProject
Global
	GlobalSection(SolutionConfigurationPlatforms) = preSolution
		Debug|Win32 = Debug|Win32
		Release|Win32 = Release|Win32
	EndGlobalSection
	GlobalSection(ProjectConfigurationPlatforms) = postSolution
		{AB524DA2-5008-4F6C-A5A1-08D3D6BA39AE}.Debug|Win32.ActiveCfg = Debug|Win32
		{AB524DA2-5008-4F6C-A5A1-08D3D6BA39AE}.Debug|Win32.Build.0 = Debug|Win32
		{AB524DA2-5008-4F6C-A5A1-08D3D6BA39AE}.Release|Win32.ActiveCfg = Release|Win32
		{AB524DA2-5008-4F6C-A5A1-08D3D6BA39AE}.Release|Win32.Build.0 = Release|Win32
		{9AFE3794-FA56-47E3-AD28-44644C2A61BB}.Debug|Win32.ActiveCfg = Debug|Win32
		{9AFE3794-FA56-47E3-AD28-44644C2A61BB}.Debug|Win32.Build.0 = Debug|Win32
		{9AFE3794-FA56-47E3-AD28-44644C2A61BB}.Release|Win32.ActiveCfg = Release|Win32
		{9AFE3794-FA56-47E3-AD28-44644C2A61BB}.Release|Win32.Build.0 = Release|Win32
		{753C55F8-F4D8-48C3-BC96-78CDEC9613FD}.Debug|Win32.ActiveCfg = Debug|Win32
		{753C55F8-F4D8-48C3-BC96-78CDEC9613FD}.Debug|Win32.Build.0 = Debug|Win32
		{753C55F8-F4D8-48C3-BC96-78CDEC9613FD}.Release|Win32.ActiveCfg = Release|Win32
		{753C55F8-F4D8-48C3-BC96-78CDEC9613FD}.Release|Win32.Build.0 = Release|Win32
	EndGlobalSection
	GlobalSection(SolutionProperties) = preSolution
		HideSolutionNode = FALSE
	EndGlobalSection
EndGlobal
